
Microsoft Visual Studio Solution File, Format Version 12.00
# Visual Studio 14
VisualStudioVersion = 14.0.25420.1
MinimumVisualStudioVersion = 10.0.40219.1
Project("{FAE04EC0-301F-11D3-BF4B-00C04F79EFBC}") = "Diploma-backend.API", "Diploma-backend.API\Diploma-backend.API.csproj", "{9BBAD285-7CDE-46CC-B208-33F9E79F790B}"
EndProject
Global
	GlobalSection(SolutionConfigurationPlatforms) = preSolution
		Debug|Any CPU = Debug|Any CPU
		Release|Any CPU = Release|Any CPU
	EndGlobalSection
	GlobalSection(ProjectConfigurationPlatforms) = postSolution
		{9BBAD285-7CDE-46CC-B208-33F9E79F790B}.Debug|Any CPU.ActiveCfg = Debug|Any CPU
		{9BBAD285-7CDE-46CC-B208-33F9E79F790B}.Debug|Any CPU.Build.0 = Debug|Any CPU
		{9BBAD285-7CDE-46CC-B208-33F9E79F790B}.Release|Any CPU.ActiveCfg = Release|Any CPU
		{9BBAD285-7CDE-46CC-B208-33F9E79F790B}.Release|Any CPU.Build.0 = Release|Any CPU
	EndGlobalSection
	GlobalSection(SolutionProperties) = preSolution
		HideSolutionNode = FALSE
	EndGlobalSection
EndGlobal
